// !$*UTF8*$!
{
	archiveVersion = 1;
	classes = {
	};
	objectVersion = 56;
	objects = {

/* Begin PBXBuildFile section */
		491681732A102CDD00E091F3 /* SoccerdleApp.swift in Sources */ = {isa = PBXBuildFile; fileRef = 491681722A102CDD00E091F3 /* SoccerdleApp.swift */; };
		491681772A102CDE00E091F3 /* Assets.xcassets in Resources */ = {isa = PBXBuildFile; fileRef = 491681762A102CDE00E091F3 /* Assets.xcassets */; };
		4916817A2A102CDE00E091F3 /* Preview Assets.xcassets in Resources */ = {isa = PBXBuildFile; fileRef = 491681792A102CDE00E091F3 /* Preview Assets.xcassets */; };
		491681812A102D8B00E091F3 /* HomeView.swift in Sources */ = {isa = PBXBuildFile; fileRef = 491681802A102D8B00E091F3 /* HomeView.swift */; };
		491681882A102F0E00E091F3 /* OFL.txt in Resources */ = {isa = PBXBuildFile; fileRef = 491681852A102F0E00E091F3 /* OFL.txt */; };
		4916818E2A10340B00E091F3 /* PTSansCaption-Bold.ttf in Resources */ = {isa = PBXBuildFile; fileRef = 491681842A102F0E00E091F3 /* PTSansCaption-Bold.ttf */; };
		4916818F2A10340E00E091F3 /* PTSansCaption-Regular.ttf in Resources */ = {isa = PBXBuildFile; fileRef = 491681832A102F0E00E091F3 /* PTSansCaption-Regular.ttf */; };
		491681912A10371A00E091F3 /* CircleButton.swift in Sources */ = {isa = PBXBuildFile; fileRef = 491681902A10371A00E091F3 /* CircleButton.swift */; };
		491681932A104BF000E091F3 /* SoccerdleView.swift in Sources */ = {isa = PBXBuildFile; fileRef = 491681922A104BF000E091F3 /* SoccerdleView.swift */; };
		491681992A104D9700E091F3 /* Player.swift in Sources */ = {isa = PBXBuildFile; fileRef = 491681982A104D9700E091F3 /* Player.swift */; };
		4916819B2A104F3D00E091F3 /* HeaderView.swift in Sources */ = {isa = PBXBuildFile; fileRef = 4916819A2A104F3D00E091F3 /* HeaderView.swift */; };
		4916819D2A105CC400E091F3 /* FooterView.swift in Sources */ = {isa = PBXBuildFile; fileRef = 4916819C2A105CC400E091F3 /* FooterView.swift */; };
		499942A62A1169980036AAE9 /* PlayerSoccerdleView.swift in Sources */ = {isa = PBXBuildFile; fileRef = 499942A52A1169980036AAE9 /* PlayerSoccerdleView.swift */; };
		499942A82A116C8E0036AAE9 /* TraitView.swift in Sources */ = {isa = PBXBuildFile; fileRef = 499942A72A116C8E0036AAE9 /* TraitView.swift */; };
		499942AA2A116CCD0036AAE9 /* Constants.swift in Sources */ = {isa = PBXBuildFile; fileRef = 499942A92A116CCD0036AAE9 /* Constants.swift */; };
/* End PBXBuildFile section */

/* Begin PBXFileReference section */
		4916816F2A102CDD00E091F3 /* Soccerdle.app */ = {isa = PBXFileReference; explicitFileType = wrapper.application; includeInIndex = 0; path = Soccerdle.app; sourceTree = BUILT_PRODUCTS_DIR; };
		491681722A102CDD00E091F3 /* SoccerdleApp.swift */ = {isa = PBXFileReference; lastKnownFileType = sourcecode.swift; path = SoccerdleApp.swift; sourceTree = "<group>"; };
		491681762A102CDE00E091F3 /* Assets.xcassets */ = {isa = PBXFileReference; lastKnownFileType = folder.assetcatalog; path = Assets.xcassets; sourceTree = "<group>"; };
		491681792A102CDE00E091F3 /* Preview Assets.xcassets */ = {isa = PBXFileReference; lastKnownFileType = folder.assetcatalog; path = "Preview Assets.xcassets"; sourceTree = "<group>"; };
		491681802A102D8B00E091F3 /* HomeView.swift */ = {isa = PBXFileReference; lastKnownFileType = sourcecode.swift; path = HomeView.swift; sourceTree = "<group>"; };
		491681832A102F0E00E091F3 /* PTSansCaption-Regular.ttf */ = {isa = PBXFileReference; lastKnownFileType = file; path = "PTSansCaption-Regular.ttf"; sourceTree = "<group>"; };
		491681842A102F0E00E091F3 /* PTSansCaption-Bold.ttf */ = {isa = PBXFileReference; lastKnownFileType = file; path = "PTSansCaption-Bold.ttf"; sourceTree = "<group>"; };
		491681852A102F0E00E091F3 /* OFL.txt */ = {isa = PBXFileReference; fileEncoding = 4; lastKnownFileType = text; path = OFL.txt; sourceTree = "<group>"; };
		491681892A102F3900E091F3 /* Info.plist */ = {isa = PBXFileReference; lastKnownFileType = text.plist; path = Info.plist; sourceTree = "<group>"; };
		491681902A10371A00E091F3 /* CircleButton.swift */ = {isa = PBXFileReference; lastKnownFileType = sourcecode.swift; path = CircleButton.swift; sourceTree = "<group>"; };
		491681922A104BF000E091F3 /* SoccerdleView.swift */ = {isa = PBXFileReference; lastKnownFileType = sourcecode.swift; path = SoccerdleView.swift; sourceTree = "<group>"; };
		491681982A104D9700E091F3 /* Player.swift */ = {isa = PBXFileReference; lastKnownFileType = sourcecode.swift; path = Player.swift; sourceTree = "<group>"; };
		4916819A2A104F3D00E091F3 /* HeaderView.swift */ = {isa = PBXFileReference; lastKnownFileType = sourcecode.swift; path = HeaderView.swift; sourceTree = "<group>"; };
		4916819C2A105CC400E091F3 /* FooterView.swift */ = {isa = PBXFileReference; lastKnownFileType = sourcecode.swift; path = FooterView.swift; sourceTree = "<group>"; };
		499942A52A1169980036AAE9 /* PlayerSoccerdleView.swift */ = {isa = PBXFileReference; lastKnownFileType = sourcecode.swift; path = PlayerSoccerdleView.swift; sourceTree = "<group>"; };
		499942A72A116C8E0036AAE9 /* TraitView.swift */ = {isa = PBXFileReference; lastKnownFileType = sourcecode.swift; path = TraitView.swift; sourceTree = "<group>"; };
		499942A92A116CCD0036AAE9 /* Constants.swift */ = {isa = PBXFileReference; lastKnownFileType = sourcecode.swift; path = Constants.swift; sourceTree = "<group>"; };
/* End PBXFileReference section */

/* Begin PBXFrameworksBuildPhase section */
		4916816C2A102CDD00E091F3 /* Frameworks */ = {
			isa = PBXFrameworksBuildPhase;
			buildActionMask = 2147483647;
			files = (
			);
			runOnlyForDeploymentPostprocessing = 0;
		};
/* End PBXFrameworksBuildPhase section */

/* Begin PBXGroup section */
		491681662A102CDD00E091F3 = {
			isa = PBXGroup;
			children = (
				491681712A102CDD00E091F3 /* Soccerdle */,
				491681702A102CDD00E091F3 /* Products */,
			);
			sourceTree = "<group>";
		};
		491681702A102CDD00E091F3 /* Products */ = {
			isa = PBXGroup;
			children = (
				4916816F2A102CDD00E091F3 /* Soccerdle.app */,
			);
			name = Products;
			sourceTree = "<group>";
		};
		491681712A102CDD00E091F3 /* Soccerdle */ = {
			isa = PBXGroup;
			children = (
				491681892A102F3900E091F3 /* Info.plist */,
				491681972A104D7F00E091F3 /* Data */,
				491681962A104C0A00E091F3 /* Soccerdle */,
				491681942A104BFC00E091F3 /* Home and Utils */,
				491681952A104C0400E091F3 /* Setup */,
				491681762A102CDE00E091F3 /* Assets.xcassets */,
				491681782A102CDE00E091F3 /* Preview Content */,
			);
			path = Soccerdle;
			sourceTree = "<group>";
		};
		491681782A102CDE00E091F3 /* Preview Content */ = {
			isa = PBXGroup;
			children = (
				491681792A102CDE00E091F3 /* Preview Assets.xcassets */,
			);
			path = "Preview Content";
			sourceTree = "<group>";
		};
		491681822A102EFB00E091F3 /* Fonts */ = {
			isa = PBXGroup;
			children = (
				491681852A102F0E00E091F3 /* OFL.txt */,
				491681842A102F0E00E091F3 /* PTSansCaption-Bold.ttf */,
				491681832A102F0E00E091F3 /* PTSansCaption-Regular.ttf */,
			);
			path = Fonts;
			sourceTree = "<group>";
		};
		491681942A104BFC00E091F3 /* Home and Utils */ = {
			isa = PBXGroup;
			children = (
				499942A92A116CCD0036AAE9 /* Constants.swift */,
				491681802A102D8B00E091F3 /* HomeView.swift */,
				491681902A10371A00E091F3 /* CircleButton.swift */,
				4916819A2A104F3D00E091F3 /* HeaderView.swift */,
				4916819C2A105CC400E091F3 /* FooterView.swift */,
			);
			path = "Home and Utils";
			sourceTree = "<group>";
		};
		491681952A104C0400E091F3 /* Setup */ = {
			isa = PBXGroup;
			children = (
				491681822A102EFB00E091F3 /* Fonts */,
				491681722A102CDD00E091F3 /* SoccerdleApp.swift */,
			);
			path = Setup;
			sourceTree = "<group>";
		};
		491681962A104C0A00E091F3 /* Soccerdle */ = {
			isa = PBXGroup;
			children = (
				491681922A104BF000E091F3 /* SoccerdleView.swift */,
				499942A52A1169980036AAE9 /* PlayerSoccerdleView.swift */,
				499942A72A116C8E0036AAE9 /* TraitView.swift */,
			);
			path = Soccerdle;
			sourceTree = "<group>";
		};
		491681972A104D7F00E091F3 /* Data */ = {
			isa = PBXGroup;
			children = (
				491681982A104D9700E091F3 /* Player.swift */,
			);
			path = Data;
			sourceTree = "<group>";
		};
/* End PBXGroup section */

/* Begin PBXNativeTarget section */
		4916816E2A102CDD00E091F3 /* Soccerdle */ = {
			isa = PBXNativeTarget;
			buildConfigurationList = 4916817D2A102CDE00E091F3 /* Build configuration list for PBXNativeTarget "Soccerdle" */;
			buildPhases = (
				4916816B2A102CDD00E091F3 /* Sources */,
				4916816C2A102CDD00E091F3 /* Frameworks */,
				4916816D2A102CDD00E091F3 /* Resources */,
			);
			buildRules = (
			);
			dependencies = (
			);
			name = Soccerdle;
			productName = Soccerdle;
			productReference = 4916816F2A102CDD00E091F3 /* Soccerdle.app */;
			productType = "com.apple.product-type.application";
		};
/* End PBXNativeTarget section */

/* Begin PBXProject section */
		491681672A102CDD00E091F3 /* Project object */ = {
			isa = PBXProject;
			attributes = {
				BuildIndependentTargetsInParallel = 1;
				LastSwiftUpdateCheck = 1430;
				LastUpgradeCheck = 1430;
				TargetAttributes = {
					4916816E2A102CDD00E091F3 = {
						CreatedOnToolsVersion = 14.3;
					};
				};
			};
			buildConfigurationList = 4916816A2A102CDD00E091F3 /* Build configuration list for PBXProject "Soccerdle" */;
			compatibilityVersion = "Xcode 14.0";
			developmentRegion = en;
			hasScannedForEncodings = 0;
			knownRegions = (
				en,
				Base,
			);
			mainGroup = 491681662A102CDD00E091F3;
			productRefGroup = 491681702A102CDD00E091F3 /* Products */;
			projectDirPath = "";
			projectRoot = "";
			targets = (
				4916816E2A102CDD00E091F3 /* Soccerdle */,
			);
		};
/* End PBXProject section */

/* Begin PBXResourcesBuildPhase section */
		4916816D2A102CDD00E091F3 /* Resources */ = {
			isa = PBXResourcesBuildPhase;
			buildActionMask = 2147483647;
			files = (
				4916818E2A10340B00E091F3 /* PTSansCaption-Bold.ttf in Resources */,
				491681882A102F0E00E091F3 /* OFL.txt in Resources */,
				4916817A2A102CDE00E091F3 /* Preview Assets.xcassets in Resources */,
				491681772A102CDE00E091F3 /* Assets.xcassets in Resources */,
				4916818F2A10340E00E091F3 /* PTSansCaption-Regular.ttf in Resources */,
			);
			runOnlyForDeploymentPostprocessing = 0;
		};
/* End PBXResourcesBuildPhase section */

/* Begin PBXSourcesBuildPhase section */
		4916816B2A102CDD00E091F3 /* Sources */ = {
			isa = PBXSourcesBuildPhase;
			buildActionMask = 2147483647;
			files = (
				499942A62A1169980036AAE9 /* PlayerSoccerdleView.swift in Sources */,
				499942A82A116C8E0036AAE9 /* TraitView.swift in Sources */,
				491681912A10371A00E091F3 /* CircleButton.swift in Sources */,
				4916819D2A105CC400E091F3 /* FooterView.swift in Sources */,
				4916819B2A104F3D00E091F3 /* HeaderView.swift in Sources */,
				499942AA2A116CCD0036AAE9 /* Constants.swift in Sources */,
				491681932A104BF000E091F3 /* SoccerdleView.swift in Sources */,
				491681812A102D8B00E091F3 /* HomeView.swift in Sources */,
				491681992A104D9700E091F3 /* Player.swift in Sources */,
				491681732A102CDD00E091F3 /* SoccerdleApp.swift in Sources */,
			);
			runOnlyForDeploymentPostprocessing = 0;
		};
/* End PBXSourcesBuildPhase section */

/* Begin XCBuildConfiguration section */
		4916817B2A102CDE00E091F3 /* Debug */ = {
			isa = XCBuildConfiguration;
			buildSettings = {
				ALWAYS_SEARCH_USER_PATHS = NO;
				CLANG_ANALYZER_NONNULL = YES;
				CLANG_ANALYZER_NUMBER_OBJECT_CONVERSION = YES_AGGRESSIVE;
				CLANG_CXX_LANGUAGE_STANDARD = "gnu++20";
				CLANG_ENABLE_MODULES = YES;
				CLANG_ENABLE_OBJC_ARC = YES;
				CLANG_ENABLE_OBJC_WEAK = YES;
				CLANG_WARN_BLOCK_CAPTURE_AUTORELEASING = YES;
				CLANG_WARN_BOOL_CONVERSION = YES;
				CLANG_WARN_COMMA = YES;
				CLANG_WARN_CONSTANT_CONVERSION = YES;
				CLANG_WARN_DEPRECATED_OBJC_IMPLEMENTATIONS = YES;
				CLANG_WARN_DIRECT_OBJC_ISA_USAGE = YES_ERROR;
				CLANG_WARN_DOCUMENTATION_COMMENTS = YES;
				CLANG_WARN_EMPTY_BODY = YES;
				CLANG_WARN_ENUM_CONVERSION = YES;
				CLANG_WARN_INFINITE_RECURSION = YES;
				CLANG_WARN_INT_CONVERSION = YES;
				CLANG_WARN_NON_LITERAL_NULL_CONVERSION = YES;
				CLANG_WARN_OBJC_IMPLICIT_RETAIN_SELF = YES;
				CLANG_WARN_OBJC_LITERAL_CONVERSION = YES;
				CLANG_WARN_OBJC_ROOT_CLASS = YES_ERROR;
				CLANG_WARN_QUOTED_INCLUDE_IN_FRAMEWORK_HEADER = YES;
				CLANG_WARN_RANGE_LOOP_ANALYSIS = YES;
				CLANG_WARN_STRICT_PROTOTYPES = YES;
				CLANG_WARN_SUSPICIOUS_MOVE = YES;
				CLANG_WARN_UNGUARDED_AVAILABILITY = YES_AGGRESSIVE;
				CLANG_WARN_UNREACHABLE_CODE = YES;
				CLANG_WARN__DUPLICATE_METHOD_MATCH = YES;
				COPY_PHASE_STRIP = NO;
				DEBUG_INFORMATION_FORMAT = dwarf;
				ENABLE_STRICT_OBJC_MSGSEND = YES;
				ENABLE_TESTABILITY = YES;
				GCC_C_LANGUAGE_STANDARD = gnu11;
				GCC_DYNAMIC_NO_PIC = NO;
				GCC_NO_COMMON_BLOCKS = YES;
				GCC_OPTIMIZATION_LEVEL = 0;
				GCC_PREPROCESSOR_DEFINITIONS = (
					"DEBUG=1",
					"$(inherited)",
				);
				GCC_WARN_64_TO_32_BIT_CONVERSION = YES;
				GCC_WARN_ABOUT_RETURN_TYPE = YES_ERROR;
				GCC_WARN_UNDECLARED_SELECTOR = YES;
				GCC_WARN_UNINITIALIZED_AUTOS = YES_AGGRESSIVE;
				GCC_WARN_UNUSED_FUNCTION = YES;
				GCC_WARN_UNUSED_VARIABLE = YES;
				IPHONEOS_DEPLOYMENT_TARGET = 16.4;
				MTL_ENABLE_DEBUG_INFO = INCLUDE_SOURCE;
				MTL_FAST_MATH = YES;
				ONLY_ACTIVE_ARCH = YES;
				SDKROOT = iphoneos;
				SWIFT_ACTIVE_COMPILATION_CONDITIONS = DEBUG;
				SWIFT_OPTIMIZATION_LEVEL = "-Onone";
			};
			name = Debug;
		};
		4916817C2A102CDE00E091F3 /* Release */ = {
			isa = XCBuildConfiguration;
			buildSettings = {
				ALWAYS_SEARCH_USER_PATHS = NO;
				CLANG_ANALYZER_NONNULL = YES;
				CLANG_ANALYZER_NUMBER_OBJECT_CONVERSION = YES_AGGRESSIVE;
				CLANG_CXX_LANGUAGE_STANDARD = "gnu++20";
				CLANG_ENABLE_MODULES = YES;
				CLANG_ENABLE_OBJC_ARC = YES;
				CLANG_ENABLE_OBJC_WEAK = YES;
				CLANG_WARN_BLOCK_CAPTURE_AUTORELEASING = YES;
				CLANG_WARN_BOOL_CONVERSION = YES;
				CLANG_WARN_COMMA = YES;
				CLANG_WARN_CONSTANT_CONVERSION = YES;
				CLANG_WARN_DEPRECATED_OBJC_IMPLEMENTATIONS = YES;
				CLANG_WARN_DIRECT_OBJC_ISA_USAGE = YES_ERROR;
				CLANG_WARN_DOCUMENTATION_COMMENTS = YES;
				CLANG_WARN_EMPTY_BODY = YES;
				CLANG_WARN_ENUM_CONVERSION = YES;
				CLANG_WARN_INFINITE_RECURSION = YES;
				CLANG_WARN_INT_CONVERSION = YES;
				CLANG_WARN_NON_LITERAL_NULL_CONVERSION = YES;
				CLANG_WARN_OBJC_IMPLICIT_RETAIN_SELF = YES;
				CLANG_WARN_OBJC_LITERAL_CONVERSION = YES;
				CLANG_WARN_OBJC_ROOT_CLASS = YES_ERROR;
				CLANG_WARN_QUOTED_INCLUDE_IN_FRAMEWORK_HEADER = YES;
				CLANG_WARN_RANGE_LOOP_ANALYSIS = YES;
				CLANG_WARN_STRICT_PROTOTYPES = YES;
				CLANG_WARN_SUSPICIOUS_MOVE = YES;
				CLANG_WARN_UNGUARDED_AVAILABILITY = YES_AGGRESSIVE;
				CLANG_WARN_UNREACHABLE_CODE = YES;
				CLANG_WARN__DUPLICATE_METHOD_MATCH = YES;
				COPY_PHASE_STRIP = NO;
				DEBUG_INFORMATION_FORMAT = "dwarf-with-dsym";
				ENABLE_NS_ASSERTIONS = NO;
				ENABLE_STRICT_OBJC_MSGSEND = YES;
				GCC_C_LANGUAGE_STANDARD = gnu11;
				GCC_NO_COMMON_BLOCKS = YES;
				GCC_WARN_64_TO_32_BIT_CONVERSION = YES;
				GCC_WARN_ABOUT_RETURN_TYPE = YES_ERROR;
				GCC_WARN_UNDECLARED_SELECTOR = YES;
				GCC_WARN_UNINITIALIZED_AUTOS = YES_AGGRESSIVE;
				GCC_WARN_UNUSED_FUNCTION = YES;
				GCC_WARN_UNUSED_VARIABLE = YES;
				IPHONEOS_DEPLOYMENT_TARGET = 16.4;
				MTL_ENABLE_DEBUG_INFO = NO;
				MTL_FAST_MATH = YES;
				SDKROOT = iphoneos;
				SWIFT_COMPILATION_MODE = wholemodule;
				SWIFT_OPTIMIZATION_LEVEL = "-O";
				VALIDATE_PRODUCT = YES;
			};
			name = Release;
		};
		4916817E2A102CDE00E091F3 /* Debug */ = {
			isa = XCBuildConfiguration;
			buildSettings = {
				ASSETCATALOG_COMPILER_APPICON_NAME = AppIcon;
				ASSETCATALOG_COMPILER_GLOBAL_ACCENT_COLOR_NAME = AccentColor;
				CODE_SIGN_STYLE = Automatic;
				CURRENT_PROJECT_VERSION = 1;
				DEVELOPMENT_ASSET_PATHS = "\"Soccerdle/Preview Content\"";
				DEVELOPMENT_TEAM = 99G82434DT;
				ENABLE_PREVIEWS = YES;
				GENERATE_INFOPLIST_FILE = YES;
				INFOPLIST_FILE = Soccerdle/Info.plist;
				INFOPLIST_KEY_UIApplicationSceneManifest_Generation = YES;
				INFOPLIST_KEY_UIApplicationSupportsIndirectInputEvents = YES;
				INFOPLIST_KEY_UILaunchScreen_Generation = YES;
				INFOPLIST_KEY_UISupportedInterfaceOrientations_iPad = "UIInterfaceOrientationPortrait UIInterfaceOrientationPortraitUpsideDown UIInterfaceOrientationLandscapeLeft UIInterfaceOrientationLandscapeRight";
				INFOPLIST_KEY_UISupportedInterfaceOrientations_iPhone = "UIInterfaceOrientationPortrait UIInterfaceOrientationLandscapeLeft UIInterfaceOrientationLandscapeRight";
				LD_RUNPATH_SEARCH_PATHS = (
					"$(inherited)",
					"@executable_path/Frameworks",
				);
				MARKETING_VERSION = 1.0;
				PRODUCT_BUNDLE_IDENTIFIER = com.organizationIdentifier.Soccerdle;
				PRODUCT_NAME = "$(TARGET_NAME)";
				SWIFT_EMIT_LOC_STRINGS = YES;
				SWIFT_VERSION = 5.0;
				TARGETED_DEVICE_FAMILY = "1,2";
			};
			name = Debug;
		};
		4916817F2A102CDE00E091F3 /* Release */ = {
			isa = XCBuildConfiguration;
			buildSettings = {
				ASSETCATALOG_COMPILER_APPICON_NAME = AppIcon;
				ASSETCATALOG_COMPILER_GLOBAL_ACCENT_COLOR_NAME = AccentColor;
				CODE_SIGN_STYLE = Automatic;
				CURRENT_PROJECT_VERSION = 1;
				DEVELOPMENT_ASSET_PATHS = "\"Soccerdle/Preview Content\"";
				DEVELOPMENT_TEAM = 99G82434DT;
				ENABLE_PREVIEWS = YES;
				GENERATE_INFOPLIST_FILE = YES;
				INFOPLIST_FILE = Soccerdle/Info.plist;
				INFOPLIST_KEY_UIApplicationSceneManifest_Generation = YES;
				INFOPLIST_KEY_UIApplicationSupportsIndirectInputEvents = YES;
				INFOPLIST_KEY_UILaunchScreen_Generation = YES;
				INFOPLIST_KEY_UISupportedInterfaceOrientations_iPad = "UIInterfaceOrientationPortrait UIInterfaceOrientationPortraitUpsideDown UIInterfaceOrientationLandscapeLeft UIInterfaceOrientationLandscapeRight";
				INFOPLIST_KEY_UISupportedInterfaceOrientations_iPhone = "UIInterfaceOrientationPortrait UIInterfaceOrientationLandscapeLeft UIInterfaceOrientationLandscapeRight";
				LD_RUNPATH_SEARCH_PATHS = (
					"$(inherited)",
					"@executable_path/Frameworks",
				);
				MARKETING_VERSION = 1.0;
				PRODUCT_BUNDLE_IDENTIFIER = com.organizationIdentifier.Soccerdle;
				PRODUCT_NAME = "$(TARGET_NAME)";
				SWIFT_EMIT_LOC_STRINGS = YES;
				SWIFT_VERSION = 5.0;
				TARGETED_DEVICE_FAMILY = "1,2";
			};
			name = Release;
		};
/* End XCBuildConfiguration section */

/* Begin XCConfigurationList section */
		4916816A2A102CDD00E091F3 /* Build configuration list for PBXProject "Soccerdle" */ = {
			isa = XCConfigurationList;
			buildConfigurations = (
				4916817B2A102CDE00E091F3 /* Debug */,
				4916817C2A102CDE00E091F3 /* Release */,
			);
			defaultConfigurationIsVisible = 0;
			defaultConfigurationName = Release;
		};
		4916817D2A102CDE00E091F3 /* Build configuration list for PBXNativeTarget "Soccerdle" */ = {
			isa = XCConfigurationList;
			buildConfigurations = (
				4916817E2A102CDE00E091F3 /* Debug */,
				4916817F2A102CDE00E091F3 /* Release */,
			);
			defaultConfigurationIsVisible = 0;
			defaultConfigurationName = Release;
		};
/* End XCConfigurationList section */
	};
	rootObject = 491681672A102CDD00E091F3 /* Project object */;
}
